{
  "name": "@caiopereira51/agentoptimizer",
  "version": "0.5.0",
  "lockfileVersion": 3,
  "requires": true,
  "packages": {
    "": {
      "name": "@caiopereira51/agentoptimizer",
      "version": "0.5.0",
      "license": "MIT",
      "bin": {
        "agent-optimizer": "bin/agent-optimizer.js"
      },
      "engines": {
        "node": ">=20"
      }
    }
  }
}
